
Microsoft Visual Studio Solution File, Format Version 12.00
# Visual Studio 15
VisualStudioVersion = 15.0.27428.2037
MinimumVisualStudioVersion = 10.0.40219.1
Project("{FAE04EC0-301F-11D3-BF4B-00C04F79EFBC}") = "Client", "Client\Client.csproj", "{AE53B770-FEB5-4872-9805-1E51A38291E4}"
EndProject
Global
	GlobalSection(SolutionConfigurationPlatforms) = preSolution
		Debug|Any CPU = Debug|Any CPU
		Release|Any CPU = Release|Any CPU
	EndGlobalSection
	GlobalSection(ProjectConfigurationPlatforms) = postSolution
		{AE53B770-FEB5-4872-9805-1E51A38291E4}.Debug|Any CPU.ActiveCfg = Debug|Any CPU
		{AE53B770-FEB5-4872-9805-1E51A38291E4}.Debug|Any CPU.Build.0 = Debug|Any CPU
		{AE53B770-FEB5-4872-9805-1E51A38291E4}.Release|Any CPU.ActiveCfg = Release|Any CPU
		{AE53B770-FEB5-4872-9805-1E51A38291E4}.Release|Any CPU.Build.0 = Release|Any CPU
	EndGlobalSection
	GlobalSection(SolutionProperties) = preSolution
		HideSolutionNode = FALSE
	EndGlobalSection
	GlobalSection(ExtensibilityGlobals) = postSolution
		SolutionGuid = {E39A0997-C458-480E-B9E3-18A75D9E052F}
	EndGlobalSection
EndGlobal
